
Microsoft Visual Studio Solution File, Format Version 12.00
# Visual Studio Version 17
VisualStudioVersion = 17.10.35122.118
MinimumVisualStudioVersion = 10.0.40219.1
Project("{2150E333-8FDC-42A3-9474-1A3956D46DE8}") = "Doc", "Doc", "{FE7931C7-E6C6-4726-A898-B8A0422311AD}"
EndProject
Project("{2150E333-8FDC-42A3-9474-1A3956D46DE8}") = "Src", "Src", "{7640CF05-00B8-40DC-AFEC-5EC525C2EB62}"
EndProject
Project("{2150E333-8FDC-42A3-9474-1A3956D46DE8}") = "Test", "Test", "{07104C27-22FE-4F53-B083-1E3E33163E8C}"
EndProject
Project("{2150E333-8FDC-42A3-9474-1A3956D46DE8}") = "Common", "Common", "{7C5E391C-764A-4913-8B39-D16D81980A4E}"
EndProject
Project("{2150E333-8FDC-42A3-9474-1A3956D46DE8}") = "Core", "Core", "{11FFF28F-0D4A-4D14-89AD-1E7C3CD2F792}"
EndProject
Project("{2150E333-8FDC-42A3-9474-1A3956D46DE8}") = "Infrastructure", "Infrastructure", "{F7DE1171-891F-4E0C-81C0-57EEB7E11196}"
EndProject
Project("{2150E333-8FDC-42A3-9474-1A3956D46DE8}") = "Presentation", "Presentation", "{616F3E18-E7C1-4126-B276-AF52B8098E19}"
EndProject
Project("{FAE04EC0-301F-11D3-BF4B-00C04F79EFBC}") = "Web_Store.Domain", "Web_Store.Domain\Web_Store.Domain.csproj", "{5BB8E5E9-8082-4908-8911-150597EDE908}"
EndProject
Project("{FAE04EC0-301F-11D3-BF4B-00C04F79EFBC}") = "Web_Store.Application", "Web_Store.Application\Web_Store.Application.csproj", "{99BF4500-AF90-4E4D-AA13-6EC481E77B10}"
EndProject
Project("{FAE04EC0-301F-11D3-BF4B-00C04F79EFBC}") = "Web_store.Common", "Web_store.Common\Web_store.Common.csproj", "{4B0FB599-50EB-44C1-812D-EDFCC845210B}"
EndProject
Project("{FAE04EC0-301F-11D3-BF4B-00C04F79EFBC}") = "Web_Store.Infrastructure", "Web_Store.Infrastructure\Web_Store.Infrastructure.csproj", "{1B2E7F94-727B-4C14-952C-90F39BD8AFC3}"
EndProject
Project("{FAE04EC0-301F-11D3-BF4B-00C04F79EFBC}") = "Web_Store.Persistence", "Web_Store.Persistence\Web_Store.Persistence.csproj", "{BFCF2EEE-1C18-41C0-8CD9-C1DA17E00F6C}"
EndProject
Project("{FAE04EC0-301F-11D3-BF4B-00C04F79EFBC}") = "EndPoint.Site", "EndPoint.Site\EndPoint.Site.csproj", "{B5DFF1A0-6A17-4EE0-AC8D-159041217D6B}"
EndProject
Global
	GlobalSection(SolutionConfigurationPlatforms) = preSolution
		Debug|Any CPU = Debug|Any CPU
		Release|Any CPU = Release|Any CPU
	EndGlobalSection
	GlobalSection(ProjectConfigurationPlatforms) = postSolution
		{5BB8E5E9-8082-4908-8911-150597EDE908}.Debug|Any CPU.ActiveCfg = Debug|Any CPU
		{5BB8E5E9-8082-4908-8911-150597EDE908}.Debug|Any CPU.Build.0 = Debug|Any CPU
		{5BB8E5E9-8082-4908-8911-150597EDE908}.Release|Any CPU.ActiveCfg = Release|Any CPU
		{5BB8E5E9-8082-4908-8911-150597EDE908}.Release|Any CPU.Build.0 = Release|Any CPU
		{99BF4500-AF90-4E4D-AA13-6EC481E77B10}.Debug|Any CPU.ActiveCfg = Debug|Any CPU
		{99BF4500-AF90-4E4D-AA13-6EC481E77B10}.Debug|Any CPU.Build.0 = Debug|Any CPU
		{99BF4500-AF90-4E4D-AA13-6EC481E77B10}.Release|Any CPU.ActiveCfg = Release|Any CPU
		{99BF4500-AF90-4E4D-AA13-6EC481E77B10}.Release|Any CPU.Build.0 = Release|Any CPU
		{4B0FB599-50EB-44C1-812D-EDFCC845210B}.Debug|Any CPU.ActiveCfg = Debug|Any CPU
		{4B0FB599-50EB-44C1-812D-EDFCC845210B}.Debug|Any CPU.Build.0 = Debug|Any CPU
		{4B0FB599-50EB-44C1-812D-EDFCC845210B}.Release|Any CPU.ActiveCfg = Release|Any CPU
		{4B0FB599-50EB-44C1-812D-EDFCC845210B}.Release|Any CPU.Build.0 = Release|Any CPU
		{1B2E7F94-727B-4C14-952C-90F39BD8AFC3}.Debug|Any CPU.ActiveCfg = Debug|Any CPU
		{1B2E7F94-727B-4C14-952C-90F39BD8AFC3}.Debug|Any CPU.Build.0 = Debug|Any CPU
		{1B2E7F94-727B-4C14-952C-90F39BD8AFC3}.Release|Any CPU.ActiveCfg = Release|Any CPU
		{1B2E7F94-727B-4C14-952C-90F39BD8AFC3}.Release|Any CPU.Build.0 = Release|Any CPU
		{BFCF2EEE-1C18-41C0-8CD9-C1DA17E00F6C}.Debug|Any CPU.ActiveCfg = Debug|Any CPU
		{BFCF2EEE-1C18-41C0-8CD9-C1DA17E00F6C}.Debug|Any CPU.Build.0 = Debug|Any CPU
		{BFCF2EEE-1C18-41C0-8CD9-C1DA17E00F6C}.Release|Any CPU.ActiveCfg = Release|Any CPU
		{BFCF2EEE-1C18-41C0-8CD9-C1DA17E00F6C}.Release|Any CPU.Build.0 = Release|Any CPU
		{B5DFF1A0-6A17-4EE0-AC8D-159041217D6B}.Debug|Any CPU.ActiveCfg = Debug|Any CPU
		{B5DFF1A0-6A17-4EE0-AC8D-159041217D6B}.Debug|Any CPU.Build.0 = Debug|Any CPU
		{B5DFF1A0-6A17-4EE0-AC8D-159041217D6B}.Release|Any CPU.ActiveCfg = Release|Any CPU
		{B5DFF1A0-6A17-4EE0-AC8D-159041217D6B}.Release|Any CPU.Build.0 = Release|Any CPU
	EndGlobalSection
	GlobalSection(SolutionProperties) = preSolution
		HideSolutionNode = FALSE
	EndGlobalSection
	GlobalSection(NestedProjects) = preSolution
		{7C5E391C-764A-4913-8B39-D16D81980A4E} = {7640CF05-00B8-40DC-AFEC-5EC525C2EB62}
		{11FFF28F-0D4A-4D14-89AD-1E7C3CD2F792} = {7640CF05-00B8-40DC-AFEC-5EC525C2EB62}
		{F7DE1171-891F-4E0C-81C0-57EEB7E11196} = {7640CF05-00B8-40DC-AFEC-5EC525C2EB62}
		{616F3E18-E7C1-4126-B276-AF52B8098E19} = {7640CF05-00B8-40DC-AFEC-5EC525C2EB62}
		{5BB8E5E9-8082-4908-8911-150597EDE908} = {11FFF28F-0D4A-4D14-89AD-1E7C3CD2F792}
		{99BF4500-AF90-4E4D-AA13-6EC481E77B10} = {11FFF28F-0D4A-4D14-89AD-1E7C3CD2F792}
		{4B0FB599-50EB-44C1-812D-EDFCC845210B} = {7C5E391C-764A-4913-8B39-D16D81980A4E}
		{1B2E7F94-727B-4C14-952C-90F39BD8AFC3} = {F7DE1171-891F-4E0C-81C0-57EEB7E11196}
		{BFCF2EEE-1C18-41C0-8CD9-C1DA17E00F6C} = {F7DE1171-891F-4E0C-81C0-57EEB7E11196}
		{B5DFF1A0-6A17-4EE0-AC8D-159041217D6B} = {616F3E18-E7C1-4126-B276-AF52B8098E19}
	EndGlobalSection
	GlobalSection(ExtensibilityGlobals) = postSolution
		SolutionGuid = {6442835E-589C-4764-89AE-B353F18FCB1F}
	EndGlobalSection
EndGlobal
